
Microsoft Visual Studio Solution File, Format Version 12.00
# Visual Studio 15
VisualStudioVersion = 15.0.28307.102
MinimumVisualStudioVersion = 10.0.40219.1
Project("{FAE04EC0-301F-11D3-BF4B-00C04F79EFBC}") = "MemeBank", "MemeBank\MemeBank.csproj", "{71905EE8-6CD3-4706-8671-6FC953FE00AB}"
EndProject
Global
	GlobalSection(SolutionConfigurationPlatforms) = preSolution
		Debug|Any CPU = Debug|Any CPU
		Release|Any CPU = Release|Any CPU
	EndGlobalSection
	GlobalSection(ProjectConfigurationPlatforms) = postSolution
		{71905EE8-6CD3-4706-8671-6FC953FE00AB}.Debug|Any CPU.ActiveCfg = Debug|Any CPU
		{71905EE8-6CD3-4706-8671-6FC953FE00AB}.Debug|Any CPU.Build.0 = Debug|Any CPU
		{71905EE8-6CD3-4706-8671-6FC953FE00AB}.Release|Any CPU.ActiveCfg = Release|Any CPU
		{71905EE8-6CD3-4706-8671-6FC953FE00AB}.Release|Any CPU.Build.0 = Release|Any CPU
	EndGlobalSection
	GlobalSection(SolutionProperties) = preSolution
		HideSolutionNode = FALSE
	EndGlobalSection
	GlobalSection(ExtensibilityGlobals) = postSolution
		SolutionGuid = {19E3D553-ED1F-4D5D-BD2B-3F82558C226E}
	EndGlobalSection
EndGlobal
