{
  "requires": true,
  "lockfileVersion": 1,
  "dependencies": {
    "@types/prop-types": {
      "version": "15.5.6",
      "resolved": "https://registry.npmjs.org/@types/prop-types/-/prop-types-15.5.6.tgz",
      "integrity": "sha512-ZBFR7TROLVzCkswA3Fmqq+IIJt62/T7aY/Dmz+QkU7CaW2QFqAitCE8Ups7IzmGhcN1YWMBT4Qcoc07jU9hOJQ=="
    },
    "@types/react": {
      "version": "16.7.6",
      "resolved": "https://registry.npmjs.org/@types/react/-/react-16.7.6.tgz",
      "integrity": "sha512-QBUfzftr/8eg/q3ZRgf/GaDP6rTYc7ZNem+g4oZM38C9vXyV8AWRWaTQuW5yCoZTsfHrN7b3DeEiUnqH9SrnpA==",
      "requires": {
        "@types/prop-types": "*",
        "csstype": "^2.2.0"
      }
    },
    "@types/react-webcam": {
      "version": "0.3.1",
      "resolved": "https://registry.npmjs.org/@types/react-webcam/-/react-webcam-0.3.1.tgz",
      "integrity": "sha512-hAVZQbeG9BPn/jHeq0n7eOEma3woUYIbTj/u6nTusAqHgLX8HG1hqxRIBUvztvhFo7qD3/OTACqajuPm8Ys/EQ==",
      "requires": {
        "@types/react": "*"
      }
    },
    "csstype": {
      "version": "2.5.7",
      "resolved": "https://registry.npmjs.org/csstype/-/csstype-2.5.7.tgz",
      "integrity": "sha512-Nt5VDyOTIIV4/nRFswoCKps1R5CD1hkiyjBE9/thNaNZILLEviVw9yWQw15+O+CpNjQKB/uvdcxFFOrSflY3Yw=="
    }
  }
}
